
Microsoft Visual Studio Solution File, Format Version 12.00
# Visual Studio Version 16
VisualStudioVersion = 16.0.30011.22
MinimumVisualStudioVersion = 10.0.40219.1
Project("{9A19103F-16F7-4668-BE54-9A1E7A4F7556}") = "AspNetCoreWithJwt", "AspNetCoreWithJwt\AspNetCoreWithJwt.csproj", "{8650536C-0CEE-448D-953B-D10113936047}"
EndProject
Project("{FAE04EC0-301F-11D3-BF4B-00C04F79EFBC}") = "AspNetCoreWithJwt.XUnitTest", "AspNetCoreWithJwt.XUnitTest\AspNetCoreWithJwt.XUnitTest.csproj", "{73FF9C60-F9AD-44DF-A226-52821F2843F3}"
EndProject
Global
	GlobalSection(SolutionConfigurationPlatforms) = preSolution
		Debug|Any CPU = Debug|Any CPU
		Release|Any CPU = Release|Any CPU
	EndGlobalSection
	GlobalSection(ProjectConfigurationPlatforms) = postSolution
		{8650536C-0CEE-448D-953B-D10113936047}.Debug|Any CPU.ActiveCfg = Debug|Any CPU
		{8650536C-0CEE-448D-953B-D10113936047}.Debug|Any CPU.Build.0 = Debug|Any CPU
		{8650536C-0CEE-448D-953B-D10113936047}.Release|Any CPU.ActiveCfg = Release|Any CPU
		{8650536C-0CEE-448D-953B-D10113936047}.Release|Any CPU.Build.0 = Release|Any CPU
		{73FF9C60-F9AD-44DF-A226-52821F2843F3}.Debug|Any CPU.ActiveCfg = Debug|Any CPU
		{73FF9C60-F9AD-44DF-A226-52821F2843F3}.Debug|Any CPU.Build.0 = Debug|Any CPU
		{73FF9C60-F9AD-44DF-A226-52821F2843F3}.Release|Any CPU.ActiveCfg = Release|Any CPU
		{73FF9C60-F9AD-44DF-A226-52821F2843F3}.Release|Any CPU.Build.0 = Release|Any CPU
	EndGlobalSection
	GlobalSection(SolutionProperties) = preSolution
		HideSolutionNode = FALSE
	EndGlobalSection
	GlobalSection(ExtensibilityGlobals) = postSolution
		SolutionGuid = {07B0A1CE-1F58-442D-8E57-2CA69E387FEB}
	EndGlobalSection
EndGlobal
